// !$*UTF8*$!
{
	archiveVersion = 1;
	classes = {
	};
	objectVersion = 54;
	objects = {

/* Begin PBXBuildFile section */
		ED03B06B26D56E5900D517B4 /* SFSafariPage+host.swift in Sources */ = {isa = PBXBuildFile; fileRef = ED03B06A26D56E5900D517B4 /* SFSafariPage+host.swift */; };
		ED0D6E6926D17F470030F153 /* ExtensionController+testable.swift in Sources */ = {isa = PBXBuildFile; fileRef = ED0D6E6826D17F470030F153 /* ExtensionController+testable.swift */; };
		ED0D6E6B26D181820030F153 /* ExtensionController.swift in Sources */ = {isa = PBXBuildFile; fileRef = ED0D6E6A26D181820030F153 /* ExtensionController.swift */; };
		ED0D6E7126D189180030F153 /* RuleEditorView.swift in Sources */ = {isa = PBXBuildFile; fileRef = ED0D6E7026D189180030F153 /* RuleEditorView.swift */; };
		ED0D6E7326D189300030F153 /* DeleteButtonView.swift in Sources */ = {isa = PBXBuildFile; fileRef = ED0D6E7226D189300030F153 /* DeleteButtonView.swift */; };
		ED4B31A727249FB100E84691 /* Localizable.strings in Resources */ = {isa = PBXBuildFile; fileRef = ED4B31A5272492B800E84691 /* Localizable.strings */; };
		ED518A3A26E170A400C44E5E /* RefreshIntervalFormatter.swift in Sources */ = {isa = PBXBuildFile; fileRef = ED518A3926E170A400C44E5E /* RefreshIntervalFormatter.swift */; };
		ED68F2DE26C80D5000B43BC8 /* ExtensionSettings in Frameworks */ = {isa = PBXBuildFile; productRef = ED68F2DD26C80D5000B43BC8 /* ExtensionSettings */; };
		ED68F2E026C80D5700B43BC8 /* ExtensionSettings in Frameworks */ = {isa = PBXBuildFile; productRef = ED68F2DF26C80D5700B43BC8 /* ExtensionSettings */; };
		ED68F2E226C9090C00B43BC8 /* CheckBoxView.swift in Sources */ = {isa = PBXBuildFile; fileRef = ED68F2E126C9090C00B43BC8 /* CheckBoxView.swift */; };
		ED68F2F326CE940D00B43BC8 /* ReloadController.swift in Sources */ = {isa = PBXBuildFile; fileRef = ED68F2F226CE940D00B43BC8 /* ReloadController.swift */; };
		ED7378FD26D2D99D00A87A5D /* PrivacyPolicy.txt in Resources */ = {isa = PBXBuildFile; fileRef = ED7378FC26D2D99D00A87A5D /* PrivacyPolicy.txt */; };
		ED947B852699E47600310CBA /* App.swift in Sources */ = {isa = PBXBuildFile; fileRef = ED947B842699E47600310CBA /* App.swift */; };
		ED947B962699E47800310CBA /* Assets.xcassets in Resources */ = {isa = PBXBuildFile; fileRef = ED947B952699E47800310CBA /* Assets.xcassets */; };
		ED947BA12699E47800310CBA /* MightyTabRefreshTests.swift in Sources */ = {isa = PBXBuildFile; fileRef = ED947BA02699E47800310CBA /* MightyTabRefreshTests.swift */; };
		ED947BAB2699E47800310CBA /* MightyTabRefreshUITests.swift in Sources */ = {isa = PBXBuildFile; fileRef = ED947BAA2699E47800310CBA /* MightyTabRefreshUITests.swift */; };
		ED947BB12699E47800310CBA /* MightyTabRefresh Extension.appex in Embed App Extensions */ = {isa = PBXBuildFile; fileRef = ED947BB02699E47800310CBA /* MightyTabRefresh Extension.appex */; settings = {ATTRIBUTES = (RemoveHeadersOnCopy, ); }; };
		ED947BB62699E47800310CBA /* SafariExtensionHandler.swift in Sources */ = {isa = PBXBuildFile; fileRef = ED947BB52699E47800310CBA /* SafariExtensionHandler.swift */; };
		ED947BB82699E47800310CBA /* SafariExtensionViewController.swift in Sources */ = {isa = PBXBuildFile; fileRef = ED947BB72699E47800310CBA /* SafariExtensionViewController.swift */; };
		ED947BBB2699E47800310CBA /* MightyTabRefreshInjectedScript.js in Resources */ = {isa = PBXBuildFile; fileRef = ED947BBA2699E47800310CBA /* MightyTabRefreshInjectedScript.js */; };
		ED947BBD2699E47800310CBA /* ToolbarItemIcon.pdf in Resources */ = {isa = PBXBuildFile; fileRef = ED947BBC2699E47800310CBA /* ToolbarItemIcon.pdf */; };
		ED947BC02699E47800310CBA /* SafariExtensionViewController.xib in Resources */ = {isa = PBXBuildFile; fileRef = ED947BBE2699E47800310CBA /* SafariExtensionViewController.xib */; };
		ED947C4C269A000800310CBA /* ExtensionViewModel.swift in Sources */ = {isa = PBXBuildFile; fileRef = ED947C4B269A000800310CBA /* ExtensionViewModel.swift */; };
		ED947C50269B051200310CBA /* .gitignore in Resources */ = {isa = PBXBuildFile; fileRef = ED947C4F269B051200310CBA /* .gitignore */; };
		EDC15C5326E94D8C004BFF25 /* ReloadController.swift in Sources */ = {isa = PBXBuildFile; fileRef = ED68F2F226CE940D00B43BC8 /* ReloadController.swift */; };
		EDC15C5526E94DA5004BFF25 /* ReloadControllerTests.swift in Sources */ = {isa = PBXBuildFile; fileRef = EDC15C5426E94DA5004BFF25 /* ReloadControllerTests.swift */; };
		EDC15C5726E94E9C004BFF25 /* SFSafariPage+host.swift in Sources */ = {isa = PBXBuildFile; fileRef = ED03B06A26D56E5900D517B4 /* SFSafariPage+host.swift */; };
		EDC15C5926E950A8004BFF25 /* SafariPageWrapper.swift in Sources */ = {isa = PBXBuildFile; fileRef = EDC15C5826E950A8004BFF25 /* SafariPageWrapper.swift */; };
		EDC15C5A26E95306004BFF25 /* SafariPageWrapper.swift in Sources */ = {isa = PBXBuildFile; fileRef = EDC15C5826E950A8004BFF25 /* SafariPageWrapper.swift */; };
		EDC341A326A620AA001BE768 /* SettingsView.swift in Sources */ = {isa = PBXBuildFile; fileRef = EDC341A226A620AA001BE768 /* SettingsView.swift */; };
		EDC341A526A620EA001BE768 /* ControlsView.swift in Sources */ = {isa = PBXBuildFile; fileRef = EDC341A426A620EA001BE768 /* ControlsView.swift */; };
		EDD142C4269B07FD0099470F /* .github in Resources */ = {isa = PBXBuildFile; fileRef = EDD142C3269B07FD0099470F /* .github */; };
		EDD142C6269B08B60099470F /* README.md in Resources */ = {isa = PBXBuildFile; fileRef = EDD142C5269B08B60099470F /* README.md */; };
		EDDCF7CD26ECA87E0092A429 /* Localizable.stringsdict in Resources */ = {isa = PBXBuildFile; fileRef = EDDCF7CF26ECA87E0092A429 /* Localizable.stringsdict */; };
		EDE3421026D95A0D00ADCBDA /* NonLinearSlider in Frameworks */ = {isa = PBXBuildFile; productRef = EDE3420F26D95A0D00ADCBDA /* NonLinearSlider */; };
/* End PBXBuildFile section */

/* Begin PBXContainerItemProxy section */
		ED947B9D2699E47800310CBA /* PBXContainerItemProxy */ = {
			isa = PBXContainerItemProxy;
			containerPortal = ED947B792699E47600310CBA /* Project object */;
			proxyType = 1;
			remoteGlobalIDString = ED947B802699E47600310CBA;
			remoteInfo = MightyTabRefresh;
		};
		ED947BA72699E47800310CBA /* PBXContainerItemProxy */ = {
			isa = PBXContainerItemProxy;
			containerPortal = ED947B792699E47600310CBA /* Project object */;
			proxyType = 1;
			remoteGlobalIDString = ED947B802699E47600310CBA;
			remoteInfo = MightyTabRefresh;
		};
		ED947BB22699E47800310CBA /* PBXContainerItemProxy */ = {
			isa = PBXContainerItemProxy;
			containerPortal = ED947B792699E47600310CBA /* Project object */;
			proxyType = 1;
			remoteGlobalIDString = ED947BAF2699E47800310CBA;
			remoteInfo = "MightyTabRefresh Extension";
		};
/* End PBXContainerItemProxy section */

/* Begin PBXCopyFilesBuildPhase section */
		ED947BC72699E47800310CBA /* Embed App Extensions */ = {
			isa = PBXCopyFilesBuildPhase;
			buildActionMask = 2147483647;
			dstPath = "";
			dstSubfolderSpec = 13;
			files = (
				ED947BB12699E47800310CBA /* MightyTabRefresh Extension.appex in Embed App Extensions */,
			);
			name = "Embed App Extensions";
			runOnlyForDeploymentPostprocessing = 0;
		};
/* End PBXCopyFilesBuildPhase section */

/* Begin PBXFileReference section */
		ED03B06A26D56E5900D517B4 /* SFSafariPage+host.swift */ = {isa = PBXFileReference; lastKnownFileType = sourcecode.swift; path = "SFSafariPage+host.swift"; sourceTree = "<group>"; };
		ED0D6E6826D17F470030F153 /* ExtensionController+testable.swift */ = {isa = PBXFileReference; lastKnownFileType = sourcecode.swift; path = "ExtensionController+testable.swift"; sourceTree = "<group>"; };
		ED0D6E6A26D181820030F153 /* ExtensionController.swift */ = {isa = PBXFileReference; lastKnownFileType = sourcecode.swift; path = ExtensionController.swift; sourceTree = "<group>"; };
		ED0D6E7026D189180030F153 /* RuleEditorView.swift */ = {isa = PBXFileReference; lastKnownFileType = sourcecode.swift; path = RuleEditorView.swift; sourceTree = "<group>"; };
		ED0D6E7226D189300030F153 /* DeleteButtonView.swift */ = {isa = PBXFileReference; lastKnownFileType = sourcecode.swift; path = DeleteButtonView.swift; sourceTree = "<group>"; };
		ED4B31A4272492B800E84691 /* en */ = {isa = PBXFileReference; lastKnownFileType = text.plist.strings; name = en; path = en.lproj/Localizable.strings; sourceTree = "<group>"; };
		ED4B31A6272492BB00E84691 /* ru */ = {isa = PBXFileReference; lastKnownFileType = text.plist.strings; name = ru; path = ru.lproj/Localizable.strings; sourceTree = "<group>"; };
		ED518A3926E170A400C44E5E /* RefreshIntervalFormatter.swift */ = {isa = PBXFileReference; lastKnownFileType = sourcecode.swift; path = RefreshIntervalFormatter.swift; sourceTree = "<group>"; };
		ED68F2E126C9090C00B43BC8 /* CheckBoxView.swift */ = {isa = PBXFileReference; lastKnownFileType = sourcecode.swift; path = CheckBoxView.swift; sourceTree = "<group>"; };
		ED68F2F126CC578A00B43BC8 /* MightyTabRefresh Extension.entitlements */ = {isa = PBXFileReference; lastKnownFileType = text.plist.entitlements; path = "MightyTabRefresh Extension.entitlements"; sourceTree = "<group>"; };
		ED68F2F226CE940D00B43BC8 /* ReloadController.swift */ = {isa = PBXFileReference; lastKnownFileType = sourcecode.swift; path = ReloadController.swift; sourceTree = "<group>"; };
		ED7378FC26D2D99D00A87A5D /* PrivacyPolicy.txt */ = {isa = PBXFileReference; lastKnownFileType = text; path = PrivacyPolicy.txt; sourceTree = "<group>"; };
		ED947B812699E47600310CBA /* Mighty Tab Refresh.app */ = {isa = PBXFileReference; explicitFileType = wrapper.application; includeInIndex = 0; path = "Mighty Tab Refresh.app"; sourceTree = BUILT_PRODUCTS_DIR; };
		ED947B842699E47600310CBA /* App.swift */ = {isa = PBXFileReference; lastKnownFileType = sourcecode.swift; path = App.swift; sourceTree = "<group>"; };
		ED947B952699E47800310CBA /* Assets.xcassets */ = {isa = PBXFileReference; lastKnownFileType = folder.assetcatalog; path = Assets.xcassets; sourceTree = "<group>"; };
		ED947B972699E47800310CBA /* MightyTabRefresh.entitlements */ = {isa = PBXFileReference; lastKnownFileType = text.plist.entitlements; path = MightyTabRefresh.entitlements; sourceTree = "<group>"; };
		ED947B9C2699E47800310CBA /* MightyTabRefreshTests.xctest */ = {isa = PBXFileReference; explicitFileType = wrapper.cfbundle; includeInIndex = 0; path = MightyTabRefreshTests.xctest; sourceTree = BUILT_PRODUCTS_DIR; };
		ED947BA02699E47800310CBA /* MightyTabRefreshTests.swift */ = {isa = PBXFileReference; lastKnownFileType = sourcecode.swift; path = MightyTabRefreshTests.swift; sourceTree = "<group>"; };
		ED947BA62699E47800310CBA /* MightyTabRefreshUITests.xctest */ = {isa = PBXFileReference; explicitFileType = wrapper.cfbundle; includeInIndex = 0; path = MightyTabRefreshUITests.xctest; sourceTree = BUILT_PRODUCTS_DIR; };
		ED947BAA2699E47800310CBA /* MightyTabRefreshUITests.swift */ = {isa = PBXFileReference; lastKnownFileType = sourcecode.swift; path = MightyTabRefreshUITests.swift; sourceTree = "<group>"; };
		ED947BB02699E47800310CBA /* MightyTabRefresh Extension.appex */ = {isa = PBXFileReference; explicitFileType = "wrapper.app-extension"; includeInIndex = 0; path = "MightyTabRefresh Extension.appex"; sourceTree = BUILT_PRODUCTS_DIR; };
		ED947BB52699E47800310CBA /* SafariExtensionHandler.swift */ = {isa = PBXFileReference; lastKnownFileType = sourcecode.swift; path = SafariExtensionHandler.swift; sourceTree = "<group>"; };
		ED947BB72699E47800310CBA /* SafariExtensionViewController.swift */ = {isa = PBXFileReference; lastKnownFileType = sourcecode.swift; path = SafariExtensionViewController.swift; sourceTree = "<group>"; };
		ED947BBA2699E47800310CBA /* MightyTabRefreshInjectedScript.js */ = {isa = PBXFileReference; lastKnownFileType = sourcecode.javascript; path = MightyTabRefreshInjectedScript.js; sourceTree = "<group>"; };
		ED947BBC2699E47800310CBA /* ToolbarItemIcon.pdf */ = {isa = PBXFileReference; lastKnownFileType = image.pdf; path = ToolbarItemIcon.pdf; sourceTree = "<group>"; };
		ED947BBF2699E47800310CBA /* Base */ = {isa = PBXFileReference; lastKnownFileType = file.xib; name = Base; path = Base.lproj/SafariExtensionViewController.xib; sourceTree = "<group>"; };
		ED947BC12699E47800310CBA /* Info.plist */ = {isa = PBXFileReference; lastKnownFileType = text.plist.xml; path = Info.plist; sourceTree = "<group>"; };
		ED947BD12699E68A00310CBA /* Info.plist */ = {isa = PBXFileReference; lastKnownFileType = text.plist; path = Info.plist; sourceTree = "<group>"; };
		ED947C4B269A000800310CBA /* ExtensionViewModel.swift */ = {isa = PBXFileReference; lastKnownFileType = sourcecode.swift; path = ExtensionViewModel.swift; sourceTree = "<group>"; };
		ED947C4E269B031100310CBA /* ExtensionSettings */ = {isa = PBXFileReference; lastKnownFileType = folder; path = ExtensionSettings; sourceTree = "<group>"; };
		ED947C4F269B051200310CBA /* .gitignore */ = {isa = PBXFileReference; fileEncoding = 4; lastKnownFileType = text; path = .gitignore; sourceTree = "<group>"; };
		EDC15C5426E94DA5004BFF25 /* ReloadControllerTests.swift */ = {isa = PBXFileReference; lastKnownFileType = sourcecode.swift; path = ReloadControllerTests.swift; sourceTree = "<group>"; };
		EDC15C5626E94DF5004BFF25 /* MightyTabRefresh.xctestplan */ = {isa = PBXFileReference; lastKnownFileType = text; path = MightyTabRefresh.xctestplan; sourceTree = "<group>"; };
		EDC15C5826E950A8004BFF25 /* SafariPageWrapper.swift */ = {isa = PBXFileReference; lastKnownFileType = sourcecode.swift; path = SafariPageWrapper.swift; sourceTree = "<group>"; };
		EDC341A226A620AA001BE768 /* SettingsView.swift */ = {isa = PBXFileReference; lastKnownFileType = sourcecode.swift; path = SettingsView.swift; sourceTree = "<group>"; };
		EDC341A426A620EA001BE768 /* ControlsView.swift */ = {isa = PBXFileReference; lastKnownFileType = sourcecode.swift; path = ControlsView.swift; sourceTree = "<group>"; };
		EDD142C3269B07FD0099470F /* .github */ = {isa = PBXFileReference; lastKnownFileType = folder; path = .github; sourceTree = "<group>"; };
		EDD142C5269B08B60099470F /* README.md */ = {isa = PBXFileReference; fileEncoding = 4; lastKnownFileType = net.daringfireball.markdown; path = README.md; sourceTree = "<group>"; };
		EDDCF7CE26ECA87E0092A429 /* en */ = {isa = PBXFileReference; lastKnownFileType = text.plist.stringsdict; name = en; path = en.lproj/Localizable.stringsdict; sourceTree = "<group>"; };
		EDDCF7D226ECAAE30092A429 /* ru */ = {isa = PBXFileReference; lastKnownFileType = text.plist.stringsdict; name = ru; path = ru.lproj/Localizable.stringsdict; sourceTree = "<group>"; };
		EDE3420E26D9576100ADCBDA /* NonLinearSlider */ = {isa = PBXFileReference; lastKnownFileType = folder; path = NonLinearSlider; sourceTree = "<group>"; };
/* End PBXFileReference section */

/* Begin PBXFrameworksBuildPhase section */
		ED947B7E2699E47600310CBA /* Frameworks */ = {
			isa = PBXFrameworksBuildPhase;
			buildActionMask = 2147483647;
			files = (
				EDE3421026D95A0D00ADCBDA /* NonLinearSlider in Frameworks */,
				ED68F2E026C80D5700B43BC8 /* ExtensionSettings in Frameworks */,
			);
			runOnlyForDeploymentPostprocessing = 0;
		};
		ED947B992699E47800310CBA /* Frameworks */ = {
			isa = PBXFrameworksBuildPhase;
			buildActionMask = 2147483647;
			files = (
			);
			runOnlyForDeploymentPostprocessing = 0;
		};
		ED947BA32699E47800310CBA /* Frameworks */ = {
			isa = PBXFrameworksBuildPhase;
			buildActionMask = 2147483647;
			files = (
			);
			runOnlyForDeploymentPostprocessing = 0;
		};
		ED947BAD2699E47800310CBA /* Frameworks */ = {
			isa = PBXFrameworksBuildPhase;
			buildActionMask = 2147483647;
			files = (
				ED68F2DE26C80D5000B43BC8 /* ExtensionSettings in Frameworks */,
			);
			runOnlyForDeploymentPostprocessing = 0;
		};
/* End PBXFrameworksBuildPhase section */

/* Begin PBXGroup section */
		ED0D6E6C26D185D90030F153 /* ExtensionManagement */ = {
			isa = PBXGroup;
			children = (
				ED0D6E6A26D181820030F153 /* ExtensionController.swift */,
				ED0D6E6826D17F470030F153 /* ExtensionController+testable.swift */,
				ED947C4B269A000800310CBA /* ExtensionViewModel.swift */,
				EDC341A426A620EA001BE768 /* ControlsView.swift */,
			);
			path = ExtensionManagement;
			sourceTree = "<group>";
		};
		ED0D6E6D26D185EA0030F153 /* Settings */ = {
			isa = PBXGroup;
			children = (
				ED68F2E126C9090C00B43BC8 /* CheckBoxView.swift */,
				ED0D6E7026D189180030F153 /* RuleEditorView.swift */,
				ED0D6E7226D189300030F153 /* DeleteButtonView.swift */,
				EDC341A226A620AA001BE768 /* SettingsView.swift */,
				ED518A3926E170A400C44E5E /* RefreshIntervalFormatter.swift */,
			);
			path = Settings;
			sourceTree = "<group>";
		};
		ED947B782699E47600310CBA = {
			isa = PBXGroup;
			children = (
				EDDCF7CF26ECA87E0092A429 /* Localizable.stringsdict */,
				ED4B31A5272492B800E84691 /* Localizable.strings */,
				EDC15C5626E94DF5004BFF25 /* MightyTabRefresh.xctestplan */,
				EDD142C5269B08B60099470F /* README.md */,
				ED7378FC26D2D99D00A87A5D /* PrivacyPolicy.txt */,
				EDD142C3269B07FD0099470F /* .github */,
				ED947C4F269B051200310CBA /* .gitignore */,
				EDE3420E26D9576100ADCBDA /* NonLinearSlider */,
				ED947C4E269B031100310CBA /* ExtensionSettings */,
				ED947B832699E47600310CBA /* MightyTabRefresh */,
				ED947BA92699E47800310CBA /* MightyTabRefreshUITests */,
				ED947BB42699E47800310CBA /* MightyTabRefresh Extension */,
				ED947B822699E47600310CBA /* Products */,
				EDD142C7269B1C240099470F /* Frameworks */,
			);
			sourceTree = "<group>";
		};
		ED947B822699E47600310CBA /* Products */ = {
			isa = PBXGroup;
			children = (
				ED947B812699E47600310CBA /* Mighty Tab Refresh.app */,
				ED947B9C2699E47800310CBA /* MightyTabRefreshTests.xctest */,
				ED947BA62699E47800310CBA /* MightyTabRefreshUITests.xctest */,
				ED947BB02699E47800310CBA /* MightyTabRefresh Extension.appex */,
			);
			name = Products;
			sourceTree = "<group>";
		};
		ED947B832699E47600310CBA /* MightyTabRefresh */ = {
			isa = PBXGroup;
			children = (
				ED947BD12699E68A00310CBA /* Info.plist */,
				ED947B952699E47800310CBA /* Assets.xcassets */,
				ED947B972699E47800310CBA /* MightyTabRefresh.entitlements */,
				ED947B842699E47600310CBA /* App.swift */,
				ED0D6E6C26D185D90030F153 /* ExtensionManagement */,
				ED0D6E6D26D185EA0030F153 /* Settings */,
				ED947B9F2699E47800310CBA /* MightyTabRefreshTests */,
			);
			path = MightyTabRefresh;
			sourceTree = "<group>";
		};
		ED947B9F2699E47800310CBA /* MightyTabRefreshTests */ = {
			isa = PBXGroup;
			children = (
				ED947BA02699E47800310CBA /* MightyTabRefreshTests.swift */,
				EDC15C5426E94DA5004BFF25 /* ReloadControllerTests.swift */,
			);
			path = MightyTabRefreshTests;
			sourceTree = "<group>";
		};
		ED947BA92699E47800310CBA /* MightyTabRefreshUITests */ = {
			isa = PBXGroup;
			children = (
				ED947BAA2699E47800310CBA /* MightyTabRefreshUITests.swift */,
			);
			path = MightyTabRefreshUITests;
			sourceTree = "<group>";
		};
		ED947BB42699E47800310CBA /* MightyTabRefresh Extension */ = {
			isa = PBXGroup;
			children = (
				ED947BC12699E47800310CBA /* Info.plist */,
				ED68F2F126CC578A00B43BC8 /* MightyTabRefresh Extension.entitlements */,
				EDC15C5826E950A8004BFF25 /* SafariPageWrapper.swift */,
				ED68F2F226CE940D00B43BC8 /* ReloadController.swift */,
				ED947BB52699E47800310CBA /* SafariExtensionHandler.swift */,
				ED947BB72699E47800310CBA /* SafariExtensionViewController.swift */,
				ED03B06A26D56E5900D517B4 /* SFSafariPage+host.swift */,
				ED947BBE2699E47800310CBA /* SafariExtensionViewController.xib */,
				ED947BB92699E47800310CBA /* Resources */,
			);
			path = "MightyTabRefresh Extension";
			sourceTree = "<group>";
		};
		ED947BB92699E47800310CBA /* Resources */ = {
			isa = PBXGroup;
			children = (
				ED947BBA2699E47800310CBA /* MightyTabRefreshInjectedScript.js */,
				ED947BBC2699E47800310CBA /* ToolbarItemIcon.pdf */,
			);
			path = Resources;
			sourceTree = "<group>";
		};
		EDD142C7269B1C240099470F /* Frameworks */ = {
			isa = PBXGroup;
			children = (
			);
			name = Frameworks;
			sourceTree = "<group>";
		};
/* End PBXGroup section */

/* Begin PBXNativeTarget section */
		ED947B802699E47600310CBA /* MightyTabRefresh */ = {
			isa = PBXNativeTarget;
			buildConfigurationList = ED947BC82699E47800310CBA /* Build configuration list for PBXNativeTarget "MightyTabRefresh" */;
			buildPhases = (
				ED947B7D2699E47600310CBA /* Sources */,
				ED947B7E2699E47600310CBA /* Frameworks */,
				ED947B7F2699E47600310CBA /* Resources */,
				ED947BC72699E47800310CBA /* Embed App Extensions */,
			);
			buildRules = (
			);
			dependencies = (
				ED947BB32699E47800310CBA /* PBXTargetDependency */,
			);
			name = MightyTabRefresh;
			packageProductDependencies = (
				ED68F2DF26C80D5700B43BC8 /* ExtensionSettings */,
				EDE3420F26D95A0D00ADCBDA /* NonLinearSlider */,
			);
			productName = MightyTabRefresh;
			productReference = ED947B812699E47600310CBA /* Mighty Tab Refresh.app */;
			productType = "com.apple.product-type.application";
		};
		ED947B9B2699E47800310CBA /* MightyTabRefreshTests */ = {
			isa = PBXNativeTarget;
			buildConfigurationList = ED947BCB2699E47800310CBA /* Build configuration list for PBXNativeTarget "MightyTabRefreshTests" */;
			buildPhases = (
				ED947B982699E47800310CBA /* Sources */,
				ED947B992699E47800310CBA /* Frameworks */,
				ED947B9A2699E47800310CBA /* Resources */,
			);
			buildRules = (
			);
			dependencies = (
				ED947B9E2699E47800310CBA /* PBXTargetDependency */,
			);
			name = MightyTabRefreshTests;
			productName = MightyTabRefreshTests;
			productReference = ED947B9C2699E47800310CBA /* MightyTabRefreshTests.xctest */;
			productType = "com.apple.product-type.bundle.unit-test";
		};
		ED947BA52699E47800310CBA /* MightyTabRefreshUITests */ = {
			isa = PBXNativeTarget;
			buildConfigurationList = ED947BCE2699E47800310CBA /* Build configuration list for PBXNativeTarget "MightyTabRefreshUITests" */;
			buildPhases = (
				ED947BA22699E47800310CBA /* Sources */,
				ED947BA32699E47800310CBA /* Frameworks */,
				ED947BA42699E47800310CBA /* Resources */,
			);
			buildRules = (
			);
			dependencies = (
				ED947BA82699E47800310CBA /* PBXTargetDependency */,
			);
			name = MightyTabRefreshUITests;
			productName = MightyTabRefreshUITests;
			productReference = ED947BA62699E47800310CBA /* MightyTabRefreshUITests.xctest */;
			productType = "com.apple.product-type.bundle.ui-testing";
		};
		ED947BAF2699E47800310CBA /* MightyTabRefresh Extension */ = {
			isa = PBXNativeTarget;
			buildConfigurationList = ED947BC42699E47800310CBA /* Build configuration list for PBXNativeTarget "MightyTabRefresh Extension" */;
			buildPhases = (
				ED947BAC2699E47800310CBA /* Sources */,
				ED947BAD2699E47800310CBA /* Frameworks */,
				ED947BAE2699E47800310CBA /* Resources */,
			);
			buildRules = (
			);
			dependencies = (
			);
			name = "MightyTabRefresh Extension";
			packageProductDependencies = (
				ED68F2DD26C80D5000B43BC8 /* ExtensionSettings */,
			);
			productName = "MightyTabRefresh Extension";
			productReference = ED947BB02699E47800310CBA /* MightyTabRefresh Extension.appex */;
			productType = "com.apple.product-type.app-extension";
		};
/* End PBXNativeTarget section */

/* Begin PBXProject section */
		ED947B792699E47600310CBA /* Project object */ = {
			isa = PBXProject;
			attributes = {
				BuildIndependentTargetsInParallel = 1;
				LastSwiftUpdateCheck = 1300;
				LastUpgradeCheck = 1300;
				TargetAttributes = {
					ED947B802699E47600310CBA = {
						CreatedOnToolsVersion = 13.0;
					};
					ED947B9B2699E47800310CBA = {
						CreatedOnToolsVersion = 13.0;
						TestTargetID = ED947B802699E47600310CBA;
					};
					ED947BA52699E47800310CBA = {
						CreatedOnToolsVersion = 13.0;
						TestTargetID = ED947B802699E47600310CBA;
					};
					ED947BAF2699E47800310CBA = {
						CreatedOnToolsVersion = 13.0;
					};
				};
			};
			buildConfigurationList = ED947B7C2699E47600310CBA /* Build configuration list for PBXProject "MightyTabRefresh" */;
			compatibilityVersion = "Xcode 12.0";
			developmentRegion = en;
			hasScannedForEncodings = 0;
			knownRegions = (
				en,
				Base,
				ru,
			);
			mainGroup = ED947B782699E47600310CBA;
			productRefGroup = ED947B822699E47600310CBA /* Products */;
			projectDirPath = "";
			projectRoot = "";
			targets = (
				ED947B802699E47600310CBA /* MightyTabRefresh */,
				ED947B9B2699E47800310CBA /* MightyTabRefreshTests */,
				ED947BA52699E47800310CBA /* MightyTabRefreshUITests */,
				ED947BAF2699E47800310CBA /* MightyTabRefresh Extension */,
			);
		};
/* End PBXProject section */

/* Begin PBXResourcesBuildPhase section */
		ED947B7F2699E47600310CBA /* Resources */ = {
			isa = PBXResourcesBuildPhase;
			buildActionMask = 2147483647;
			files = (
				ED7378FD26D2D99D00A87A5D /* PrivacyPolicy.txt in Resources */,
				EDD142C4269B07FD0099470F /* .github in Resources */,
				ED947C50269B051200310CBA /* .gitignore in Resources */,
				ED4B31A727249FB100E84691 /* Localizable.strings in Resources */,
				EDD142C6269B08B60099470F /* README.md in Resources */,
				ED947B962699E47800310CBA /* Assets.xcassets in Resources */,
				EDDCF7CD26ECA87E0092A429 /* Localizable.stringsdict in Resources */,
			);
			runOnlyForDeploymentPostprocessing = 0;
		};
		ED947B9A2699E47800310CBA /* Resources */ = {
			isa = PBXResourcesBuildPhase;
			buildActionMask = 2147483647;
			files = (
			);
			runOnlyForDeploymentPostprocessing = 0;
		};
		ED947BA42699E47800310CBA /* Resources */ = {
			isa = PBXResourcesBuildPhase;
			buildActionMask = 2147483647;
			files = (
			);
			runOnlyForDeploymentPostprocessing = 0;
		};
		ED947BAE2699E47800310CBA /* Resources */ = {
			isa = PBXResourcesBuildPhase;
			buildActionMask = 2147483647;
			files = (
				ED947BC02699E47800310CBA /* SafariExtensionViewController.xib in Resources */,
				ED947BBD2699E47800310CBA /* ToolbarItemIcon.pdf in Resources */,
				ED947BBB2699E47800310CBA /* MightyTabRefreshInjectedScript.js in Resources */,
			);
			runOnlyForDeploymentPostprocessing = 0;
		};
/* End PBXResourcesBuildPhase section */

/* Begin PBXSourcesBuildPhase section */
		ED947B7D2699E47600310CBA /* Sources */ = {
			isa = PBXSourcesBuildPhase;
			buildActionMask = 2147483647;
			files = (
				ED0D6E6B26D181820030F153 /* ExtensionController.swift in Sources */,
				ED0D6E7126D189180030F153 /* RuleEditorView.swift in Sources */,
				ED0D6E7326D189300030F153 /* DeleteButtonView.swift in Sources */,
				EDC341A526A620EA001BE768 /* ControlsView.swift in Sources */,
				ED68F2E226C9090C00B43BC8 /* CheckBoxView.swift in Sources */,
				EDC341A326A620AA001BE768 /* SettingsView.swift in Sources */,
				ED947C4C269A000800310CBA /* ExtensionViewModel.swift in Sources */,
				ED0D6E6926D17F470030F153 /* ExtensionController+testable.swift in Sources */,
				ED947B852699E47600310CBA /* App.swift in Sources */,
				ED518A3A26E170A400C44E5E /* RefreshIntervalFormatter.swift in Sources */,
			);
			runOnlyForDeploymentPostprocessing = 0;
		};
		ED947B982699E47800310CBA /* Sources */ = {
			isa = PBXSourcesBuildPhase;
			buildActionMask = 2147483647;
			files = (
				EDC15C5A26E95306004BFF25 /* SafariPageWrapper.swift in Sources */,
				EDC15C5726E94E9C004BFF25 /* SFSafariPage+host.swift in Sources */,
				EDC15C5526E94DA5004BFF25 /* ReloadControllerTests.swift in Sources */,
				EDC15C5326E94D8C004BFF25 /* ReloadController.swift in Sources */,
				ED947BA12699E47800310CBA /* MightyTabRefreshTests.swift in Sources */,
			);
			runOnlyForDeploymentPostprocessing = 0;
		};
		ED947BA22699E47800310CBA /* Sources */ = {
			isa = PBXSourcesBuildPhase;
			buildActionMask = 2147483647;
			files = (
				ED947BAB2699E47800310CBA /* MightyTabRefreshUITests.swift in Sources */,
			);
			runOnlyForDeploymentPostprocessing = 0;
		};
		ED947BAC2699E47800310CBA /* Sources */ = {
			isa = PBXSourcesBuildPhase;
			buildActionMask = 2147483647;
			files = (
				ED68F2F326CE940D00B43BC8 /* ReloadController.swift in Sources */,
				ED947BB82699E47800310CBA /* SafariExtensionViewController.swift in Sources */,
				ED947BB62699E47800310CBA /* SafariExtensionHandler.swift in Sources */,
				ED03B06B26D56E5900D517B4 /* SFSafariPage+host.swift in Sources */,
				EDC15C5926E950A8004BFF25 /* SafariPageWrapper.swift in Sources */,
			);
			runOnlyForDeploymentPostprocessing = 0;
		};
/* End PBXSourcesBuildPhase section */

/* Begin PBXTargetDependency section */
		ED947B9E2699E47800310CBA /* PBXTargetDependency */ = {
			isa = PBXTargetDependency;
			target = ED947B802699E47600310CBA /* MightyTabRefresh */;
			targetProxy = ED947B9D2699E47800310CBA /* PBXContainerItemProxy */;
		};
		ED947BA82699E47800310CBA /* PBXTargetDependency */ = {
			isa = PBXTargetDependency;
			target = ED947B802699E47600310CBA /* MightyTabRefresh */;
			targetProxy = ED947BA72699E47800310CBA /* PBXContainerItemProxy */;
		};
		ED947BB32699E47800310CBA /* PBXTargetDependency */ = {
			isa = PBXTargetDependency;
			target = ED947BAF2699E47800310CBA /* MightyTabRefresh Extension */;
			targetProxy = ED947BB22699E47800310CBA /* PBXContainerItemProxy */;
		};
/* End PBXTargetDependency section */

/* Begin PBXVariantGroup section */
		ED4B31A5272492B800E84691 /* Localizable.strings */ = {
			isa = PBXVariantGroup;
			children = (
				ED4B31A4272492B800E84691 /* en */,
				ED4B31A6272492BB00E84691 /* ru */,
			);
			name = Localizable.strings;
			sourceTree = "<group>";
		};
		ED947BBE2699E47800310CBA /* SafariExtensionViewController.xib */ = {
			isa = PBXVariantGroup;
			children = (
				ED947BBF2699E47800310CBA /* Base */,
			);
			name = SafariExtensionViewController.xib;
			sourceTree = "<group>";
		};
		EDDCF7CF26ECA87E0092A429 /* Localizable.stringsdict */ = {
			isa = PBXVariantGroup;
			children = (
				EDDCF7CE26ECA87E0092A429 /* en */,
				EDDCF7D226ECAAE30092A429 /* ru */,
			);
			name = Localizable.stringsdict;
			sourceTree = "<group>";
		};
/* End PBXVariantGroup section */

/* Begin XCBuildConfiguration section */
		ED947BC22699E47800310CBA /* Debug */ = {
			isa = XCBuildConfiguration;
			buildSettings = {
				ALWAYS_SEARCH_USER_PATHS = NO;
				CLANG_ANALYZER_NONNULL = YES;
				CLANG_ANALYZER_NUMBER_OBJECT_CONVERSION = YES_AGGRESSIVE;
				CLANG_CXX_LANGUAGE_STANDARD = "gnu++14";
				CLANG_CXX_LIBRARY = "libc++";
				CLANG_ENABLE_MODULES = YES;
				CLANG_ENABLE_OBJC_ARC = YES;
				CLANG_ENABLE_OBJC_WEAK = YES;
				CLANG_WARN_BLOCK_CAPTURE_AUTORELEASING = YES;
				CLANG_WARN_BOOL_CONVERSION = YES;
				CLANG_WARN_COMMA = YES;
				CLANG_WARN_CONSTANT_CONVERSION = YES;
				CLANG_WARN_DEPRECATED_OBJC_IMPLEMENTATIONS = YES;
				CLANG_WARN_DIRECT_OBJC_ISA_USAGE = YES_ERROR;
				CLANG_WARN_DOCUMENTATION_COMMENTS = YES;
				CLANG_WARN_EMPTY_BODY = YES;
				CLANG_WARN_ENUM_CONVERSION = YES;
				CLANG_WARN_INFINITE_RECURSION = YES;
				CLANG_WARN_INT_CONVERSION = YES;
				CLANG_WARN_NON_LITERAL_NULL_CONVERSION = YES;
				CLANG_WARN_OBJC_IMPLICIT_RETAIN_SELF = YES;
				CLANG_WARN_OBJC_LITERAL_CONVERSION = YES;
				CLANG_WARN_OBJC_ROOT_CLASS = YES_ERROR;
				CLANG_WARN_QUOTED_INCLUDE_IN_FRAMEWORK_HEADER = YES;
				CLANG_WARN_RANGE_LOOP_ANALYSIS = YES;
				CLANG_WARN_STRICT_PROTOTYPES = YES;
				CLANG_WARN_SUSPICIOUS_MOVE = YES;
				CLANG_WARN_UNGUARDED_AVAILABILITY = YES_AGGRESSIVE;
				CLANG_WARN_UNREACHABLE_CODE = YES;
				CLANG_WARN__DUPLICATE_METHOD_MATCH = YES;
				COPY_PHASE_STRIP = NO;
				DEBUG_INFORMATION_FORMAT = dwarf;
				ENABLE_STRICT_OBJC_MSGSEND = YES;
				ENABLE_TESTABILITY = YES;
				GCC_C_LANGUAGE_STANDARD = gnu11;
				GCC_DYNAMIC_NO_PIC = NO;
				GCC_NO_COMMON_BLOCKS = YES;
				GCC_OPTIMIZATION_LEVEL = 0;
				GCC_PREPROCESSOR_DEFINITIONS = (
					"DEBUG=1",
					"$(inherited)",
				);
				GCC_WARN_64_TO_32_BIT_CONVERSION = YES;
				GCC_WARN_ABOUT_RETURN_TYPE = YES_ERROR;
				GCC_WARN_UNDECLARED_SELECTOR = YES;
				GCC_WARN_UNINITIALIZED_AUTOS = YES_AGGRESSIVE;
				GCC_WARN_UNUSED_FUNCTION = YES;
				GCC_WARN_UNUSED_VARIABLE = YES;
				MACOSX_DEPLOYMENT_TARGET = 11.0;
				MTL_ENABLE_DEBUG_INFO = INCLUDE_SOURCE;
				MTL_FAST_MATH = YES;
				ONLY_ACTIVE_ARCH = YES;
				SDKROOT = macosx;
				SWIFT_ACTIVE_COMPILATION_CONDITIONS = DEBUG;
				SWIFT_OPTIMIZATION_LEVEL = "-Onone";
			};
			name = Debug;
		};
		ED947BC32699E47800310CBA /* Release */ = {
			isa = XCBuildConfiguration;
			buildSettings = {
				ALWAYS_SEARCH_USER_PATHS = NO;
				CLANG_ANALYZER_NONNULL = YES;
				CLANG_ANALYZER_NUMBER_OBJECT_CONVERSION = YES_AGGRESSIVE;
				CLANG_CXX_LANGUAGE_STANDARD = "gnu++14";
				CLANG_CXX_LIBRARY = "libc++";
				CLANG_ENABLE_MODULES = YES;
				CLANG_ENABLE_OBJC_ARC = YES;
				CLANG_ENABLE_OBJC_WEAK = YES;
				CLANG_WARN_BLOCK_CAPTURE_AUTORELEASING = YES;
				CLANG_WARN_BOOL_CONVERSION = YES;
				CLANG_WARN_COMMA = YES;
				CLANG_WARN_CONSTANT_CONVERSION = YES;
				CLANG_WARN_DEPRECATED_OBJC_IMPLEMENTATIONS = YES;
				CLANG_WARN_DIRECT_OBJC_ISA_USAGE = YES_ERROR;
				CLANG_WARN_DOCUMENTATION_COMMENTS = YES;
				CLANG_WARN_EMPTY_BODY = YES;
				CLANG_WARN_ENUM_CONVERSION = YES;
				CLANG_WARN_INFINITE_RECURSION = YES;
				CLANG_WARN_INT_CONVERSION = YES;
				CLANG_WARN_NON_LITERAL_NULL_CONVERSION = YES;
				CLANG_WARN_OBJC_IMPLICIT_RETAIN_SELF = YES;
				CLANG_WARN_OBJC_LITERAL_CONVERSION = YES;
				CLANG_WARN_OBJC_ROOT_CLASS = YES_ERROR;
				CLANG_WARN_QUOTED_INCLUDE_IN_FRAMEWORK_HEADER = YES;
				CLANG_WARN_RANGE_LOOP_ANALYSIS = YES;
				CLANG_WARN_STRICT_PROTOTYPES = YES;
				CLANG_WARN_SUSPICIOUS_MOVE = YES;
				CLANG_WARN_UNGUARDED_AVAILABILITY = YES_AGGRESSIVE;
				CLANG_WARN_UNREACHABLE_CODE = YES;
				CLANG_WARN__DUPLICATE_METHOD_MATCH = YES;
				COPY_PHASE_STRIP = NO;
				DEBUG_INFORMATION_FORMAT = "dwarf-with-dsym";
				ENABLE_NS_ASSERTIONS = NO;
				ENABLE_STRICT_OBJC_MSGSEND = YES;
				GCC_C_LANGUAGE_STANDARD = gnu11;
				GCC_NO_COMMON_BLOCKS = YES;
				GCC_WARN_64_TO_32_BIT_CONVERSION = YES;
				GCC_WARN_ABOUT_RETURN_TYPE = YES_ERROR;
				GCC_WARN_UNDECLARED_SELECTOR = YES;
				GCC_WARN_UNINITIALIZED_AUTOS = YES_AGGRESSIVE;
				GCC_WARN_UNUSED_FUNCTION = YES;
				GCC_WARN_UNUSED_VARIABLE = YES;
				MACOSX_DEPLOYMENT_TARGET = 11.0;
				MTL_ENABLE_DEBUG_INFO = NO;
				MTL_FAST_MATH = YES;
				SDKROOT = macosx;
				SWIFT_COMPILATION_MODE = wholemodule;
				SWIFT_OPTIMIZATION_LEVEL = "-O";
			};
			name = Release;
		};
		ED947BC52699E47800310CBA /* Debug */ = {
			isa = XCBuildConfiguration;
			buildSettings = {
				ASSETCATALOG_COMPILER_APPICON_NAME = AppIcon;
				CODE_SIGN_ENTITLEMENTS = "MightyTabRefresh Extension/MightyTabRefresh Extension.entitlements";
				CODE_SIGN_STYLE = Automatic;
				CURRENT_PROJECT_VERSION = 10;
				DEVELOPMENT_TEAM = AC5986BBE6;
				ENABLE_APP_SANDBOX = YES;
				ENABLE_HARDENED_RUNTIME = YES;
				ENABLE_USER_SELECTED_FILES = readonly;
				GENERATE_INFOPLIST_FILE = YES;
				INFOPLIST_FILE = "MightyTabRefresh Extension/Info.plist";
				INFOPLIST_KEY_CFBundleDisplayName = "Might Tab Refresh Extension";
				INFOPLIST_KEY_CFBundleExecutable = "MightyTabRefresh Extension";
				INFOPLIST_KEY_CFBundleName = "MightyTabRefresh Extension";
				INFOPLIST_KEY_CFBundleVersion = 1;
				INFOPLIST_KEY_NSHumanReadableCopyright = "";
				LD_RUNPATH_SEARCH_PATHS = (
					"$(inherited)",
					"@executable_path/../Frameworks",
					"@executable_path/../../../../Frameworks",
				);
				MARKETING_VERSION = 1.3;
				PRODUCT_BUNDLE_IDENTIFIER = com.kukushechkin.MightyTabRefresh.Extension;
				PRODUCT_NAME = "$(TARGET_NAME)";
				SKIP_INSTALL = YES;
				SWIFT_EMIT_LOC_STRINGS = YES;
				SWIFT_VERSION = 5.0;
			};
			name = Debug;
		};
		ED947BC62699E47800310CBA /* Release */ = {
			isa = XCBuildConfiguration;
			buildSettings = {
				ASSETCATALOG_COMPILER_APPICON_NAME = AppIcon;
				CODE_SIGN_ENTITLEMENTS = "MightyTabRefresh Extension/MightyTabRefresh Extension.entitlements";
				CODE_SIGN_STYLE = Automatic;
				CURRENT_PROJECT_VERSION = 10;
				DEVELOPMENT_TEAM = AC5986BBE6;
				ENABLE_APP_SANDBOX = YES;
				ENABLE_HARDENED_RUNTIME = YES;
				ENABLE_USER_SELECTED_FILES = readonly;
				GENERATE_INFOPLIST_FILE = YES;
				INFOPLIST_FILE = "MightyTabRefresh Extension/Info.plist";
				INFOPLIST_KEY_CFBundleDisplayName = "Might Tab Refresh Extension";
				INFOPLIST_KEY_CFBundleExecutable = "MightyTabRefresh Extension";
				INFOPLIST_KEY_CFBundleName = "MightyTabRefresh Extension";
				INFOPLIST_KEY_CFBundleVersion = 1;
				INFOPLIST_KEY_NSHumanReadableCopyright = "";
				LD_RUNPATH_SEARCH_PATHS = (
					"$(inherited)",
					"@executable_path/../Frameworks",
					"@executable_path/../../../../Frameworks",
				);
				MARKETING_VERSION = 1.3;
				PRODUCT_BUNDLE_IDENTIFIER = com.kukushechkin.MightyTabRefresh.Extension;
				PRODUCT_NAME = "$(TARGET_NAME)";
				SKIP_INSTALL = YES;
				SWIFT_EMIT_LOC_STRINGS = YES;
				SWIFT_VERSION = 5.0;
			};
			name = Release;
		};
		ED947BC92699E47800310CBA /* Debug */ = {
			isa = XCBuildConfiguration;
			buildSettings = {
				ALWAYS_EMBED_SWIFT_STANDARD_LIBRARIES = YES;
				ASSETCATALOG_COMPILER_APPICON_NAME = AppIcon;
				ASSETCATALOG_COMPILER_GLOBAL_ACCENT_COLOR_NAME = AccentColor;
				ASSETCATALOG_COMPILER_INCLUDE_ALL_APPICON_ASSETS = YES;
				CLANG_ANALYZER_LOCALIZABILITY_NONLOCALIZED = YES;
				CODE_SIGN_ENTITLEMENTS = MightyTabRefresh/MightyTabRefresh.entitlements;
				CODE_SIGN_STYLE = Automatic;
				COMBINE_HIDPI_IMAGES = YES;
				CURRENT_PROJECT_VERSION = 10;
				DEVELOPMENT_ASSET_PATHS = "";
				DEVELOPMENT_TEAM = AC5986BBE6;
				ENABLE_APP_SANDBOX = YES;
				ENABLE_HARDENED_RUNTIME = YES;
				ENABLE_USER_SELECTED_FILES = readonly;
				GENERATE_INFOPLIST_FILE = YES;
				INFOPLIST_FILE = MightyTabRefresh/Info.plist;
				INFOPLIST_KEY_CFBundleDisplayName = "Mighty Tab Refresh";
				INFOPLIST_KEY_CFBundleExecutable = MightyTabRefresh;
				INFOPLIST_KEY_CFBundleName = "Mighty Tab Refresh";
				INFOPLIST_KEY_CFBundleVersion = 1;
				INFOPLIST_KEY_LSApplicationCategoryType = "public.app-category.utilities";
				INFOPLIST_KEY_NSHumanReadableCopyright = "";
				INFOPLIST_KEY_NSPrincipalClass = NSApplication;
				LD_RUNPATH_SEARCH_PATHS = (
					"$(inherited)",
					"@executable_path/../Frameworks",
				);
				MACOSX_DEPLOYMENT_TARGET = 11.3;
				MARKETING_VERSION = 1.3;
				OTHER_LDFLAGS = (
					"-framework",
					WebKit,
				);
				PRODUCT_BUNDLE_IDENTIFIER = com.kukushechkin.MightyTabRefresh;
				PRODUCT_NAME = "Mighty Tab Refresh";
				RUN_DOCUMENTATION_COMPILER = YES;
				SWIFT_EMIT_LOC_STRINGS = YES;
				SWIFT_VERSION = 5.0;
			};
			name = Debug;
		};
		ED947BCA2699E47800310CBA /* Release */ = {
			isa = XCBuildConfiguration;
			buildSettings = {
				ALWAYS_EMBED_SWIFT_STANDARD_LIBRARIES = YES;
				ASSETCATALOG_COMPILER_APPICON_NAME = AppIcon;
				ASSETCATALOG_COMPILER_GLOBAL_ACCENT_COLOR_NAME = AccentColor;
				ASSETCATALOG_COMPILER_INCLUDE_ALL_APPICON_ASSETS = YES;
				CLANG_ANALYZER_LOCALIZABILITY_NONLOCALIZED = YES;
				CODE_SIGN_ENTITLEMENTS = MightyTabRefresh/MightyTabRefresh.entitlements;
				CODE_SIGN_STYLE = Automatic;
				COMBINE_HIDPI_IMAGES = YES;
				CURRENT_PROJECT_VERSION = 10;
				DEVELOPMENT_ASSET_PATHS = "";
				DEVELOPMENT_TEAM = AC5986BBE6;
				ENABLE_APP_SANDBOX = YES;
				ENABLE_HARDENED_RUNTIME = YES;
				ENABLE_USER_SELECTED_FILES = readonly;
				GENERATE_INFOPLIST_FILE = YES;
				INFOPLIST_FILE = MightyTabRefresh/Info.plist;
				INFOPLIST_KEY_CFBundleDisplayName = "Mighty Tab Refresh";
				INFOPLIST_KEY_CFBundleExecutable = MightyTabRefresh;
				INFOPLIST_KEY_CFBundleName = "Mighty Tab Refresh";
				INFOPLIST_KEY_CFBundleVersion = 1;
				INFOPLIST_KEY_LSApplicationCategoryType = "public.app-category.utilities";
				INFOPLIST_KEY_NSHumanReadableCopyright = "";
				INFOPLIST_KEY_NSPrincipalClass = NSApplication;
				LD_RUNPATH_SEARCH_PATHS = (
					"$(inherited)",
					"@executable_path/../Frameworks",
				);
				MACOSX_DEPLOYMENT_TARGET = 11.3;
				MARKETING_VERSION = 1.3;
				OTHER_LDFLAGS = (
					"-framework",
					WebKit,
				);
				PRODUCT_BUNDLE_IDENTIFIER = com.kukushechkin.MightyTabRefresh;
				PRODUCT_NAME = "Mighty Tab Refresh";
				RUN_DOCUMENTATION_COMPILER = YES;
				SWIFT_EMIT_LOC_STRINGS = YES;
				SWIFT_VERSION = 5.0;
			};
			name = Release;
		};
		ED947BCC2699E47800310CBA /* Debug */ = {
			isa = XCBuildConfiguration;
			buildSettings = {
				ALWAYS_EMBED_SWIFT_STANDARD_LIBRARIES = YES;
				BUNDLE_LOADER = "$(TEST_HOST)";
				CODE_SIGN_STYLE = Automatic;
				COMBINE_HIDPI_IMAGES = YES;
				CURRENT_PROJECT_VERSION = 1;
				DEVELOPMENT_TEAM = AC5986BBE6;
				GENERATE_INFOPLIST_FILE = YES;
				LD_RUNPATH_SEARCH_PATHS = (
					"$(inherited)",
					"@executable_path/../Frameworks",
					"@loader_path/../Frameworks",
				);
				MARKETING_VERSION = 1.0;
				PRODUCT_BUNDLE_IDENTIFIER = com.kukushechkin.MightyTabRefreshTests;
				PRODUCT_NAME = "$(TARGET_NAME)";
				SWIFT_EMIT_LOC_STRINGS = NO;
				SWIFT_VERSION = 5.0;
				TEST_HOST = "$(BUILT_PRODUCTS_DIR)/Mighty Tab Refresh.app/Contents/MacOS/Mighty Tab Refresh";
			};
			name = Debug;
		};
		ED947BCD2699E47800310CBA /* Release */ = {
			isa = XCBuildConfiguration;
			buildSettings = {
				ALWAYS_EMBED_SWIFT_STANDARD_LIBRARIES = YES;
				BUNDLE_LOADER = "$(TEST_HOST)";
				CODE_SIGN_STYLE = Automatic;
				COMBINE_HIDPI_IMAGES = YES;
				CURRENT_PROJECT_VERSION = 1;
				DEVELOPMENT_TEAM = AC5986BBE6;
				GENERATE_INFOPLIST_FILE = YES;
				LD_RUNPATH_SEARCH_PATHS = (
					"$(inherited)",
					"@executable_path/../Frameworks",
					"@loader_path/../Frameworks",
				);
				MARKETING_VERSION = 1.0;
				PRODUCT_BUNDLE_IDENTIFIER = com.kukushechkin.MightyTabRefreshTests;
				PRODUCT_NAME = "$(TARGET_NAME)";
				SWIFT_EMIT_LOC_STRINGS = NO;
				SWIFT_VERSION = 5.0;
				TEST_HOST = "$(BUILT_PRODUCTS_DIR)/Mighty Tab Refresh.app/Contents/MacOS/Mighty Tab Refresh";
			};
			name = Release;
		};
		ED947BCF2699E47800310CBA /* Debug */ = {
			isa = XCBuildConfiguration;
			buildSettings = {
				ALWAYS_EMBED_SWIFT_STANDARD_LIBRARIES = YES;
				CODE_SIGN_STYLE = Automatic;
				COMBINE_HIDPI_IMAGES = YES;
				CURRENT_PROJECT_VERSION = 1;
				DEVELOPMENT_TEAM = AC5986BBE6;
				GENERATE_INFOPLIST_FILE = YES;
				LD_RUNPATH_SEARCH_PATHS = (
					"$(inherited)",
					"@executable_path/../Frameworks",
					"@loader_path/../Frameworks",
				);
				MARKETING_VERSION = 1.0;
				PRODUCT_BUNDLE_IDENTIFIER = com.kukushechkin.MightyTabRefreshUITests;
				PRODUCT_NAME = "$(TARGET_NAME)";
				SWIFT_EMIT_LOC_STRINGS = NO;
				SWIFT_VERSION = 5.0;
				TEST_TARGET_NAME = MightyTabRefresh;
			};
			name = Debug;
		};
		ED947BD02699E47800310CBA /* Release */ = {
			isa = XCBuildConfiguration;
			buildSettings = {
				ALWAYS_EMBED_SWIFT_STANDARD_LIBRARIES = YES;
				CODE_SIGN_STYLE = Automatic;
				COMBINE_HIDPI_IMAGES = YES;
				CURRENT_PROJECT_VERSION = 1;
				DEVELOPMENT_TEAM = AC5986BBE6;
				GENERATE_INFOPLIST_FILE = YES;
				LD_RUNPATH_SEARCH_PATHS = (
					"$(inherited)",
					"@executable_path/../Frameworks",
					"@loader_path/../Frameworks",
				);
				MARKETING_VERSION = 1.0;
				PRODUCT_BUNDLE_IDENTIFIER = com.kukushechkin.MightyTabRefreshUITests;
				PRODUCT_NAME = "$(TARGET_NAME)";
				SWIFT_EMIT_LOC_STRINGS = NO;
				SWIFT_VERSION = 5.0;
				TEST_TARGET_NAME = MightyTabRefresh;
			};
			name = Release;
		};
/* End XCBuildConfiguration section */

/* Begin XCConfigurationList section */
		ED947B7C2699E47600310CBA /* Build configuration list for PBXProject "MightyTabRefresh" */ = {
			isa = XCConfigurationList;
			buildConfigurations = (
				ED947BC22699E47800310CBA /* Debug */,
				ED947BC32699E47800310CBA /* Release */,
			);
			defaultConfigurationIsVisible = 0;
			defaultConfigurationName = Release;
		};
		ED947BC42699E47800310CBA /* Build configuration list for PBXNativeTarget "MightyTabRefresh Extension" */ = {
			isa = XCConfigurationList;
			buildConfigurations = (
				ED947BC52699E47800310CBA /* Debug */,
				ED947BC62699E47800310CBA /* Release */,
			);
			defaultConfigurationIsVisible = 0;
			defaultConfigurationName = Release;
		};
		ED947BC82699E47800310CBA /* Build configuration list for PBXNativeTarget "MightyTabRefresh" */ = {
			isa = XCConfigurationList;
			buildConfigurations = (
				ED947BC92699E47800310CBA /* Debug */,
				ED947BCA2699E47800310CBA /* Release */,
			);
			defaultConfigurationIsVisible = 0;
			defaultConfigurationName = Release;
		};
		ED947BCB2699E47800310CBA /* Build configuration list for PBXNativeTarget "MightyTabRefreshTests" */ = {
			isa = XCConfigurationList;
			buildConfigurations = (
				ED947BCC2699E47800310CBA /* Debug */,
				ED947BCD2699E47800310CBA /* Release */,
			);
			defaultConfigurationIsVisible = 0;
			defaultConfigurationName = Release;
		};
		ED947BCE2699E47800310CBA /* Build configuration list for PBXNativeTarget "MightyTabRefreshUITests" */ = {
			isa = XCConfigurationList;
			buildConfigurations = (
				ED947BCF2699E47800310CBA /* Debug */,
				ED947BD02699E47800310CBA /* Release */,
			);
			defaultConfigurationIsVisible = 0;
			defaultConfigurationName = Release;
		};
/* End XCConfigurationList section */

/* Begin XCSwiftPackageProductDependency section */
		ED68F2DD26C80D5000B43BC8 /* ExtensionSettings */ = {
			isa = XCSwiftPackageProductDependency;
			productName = ExtensionSettings;
		};
		ED68F2DF26C80D5700B43BC8 /* ExtensionSettings */ = {
			isa = XCSwiftPackageProductDependency;
			productName = ExtensionSettings;
		};
		EDE3420F26D95A0D00ADCBDA /* NonLinearSlider */ = {
			isa = XCSwiftPackageProductDependency;
			productName = NonLinearSlider;
		};
/* End XCSwiftPackageProductDependency section */
	};
	rootObject = ED947B792699E47600310CBA /* Project object */;
}
